// !$*UTF8*$!
{
	archiveVersion = 1;
	classes = {
	};
	objectVersion = 46;
	objects = {

/* Begin PBXBuildFile section */
		28D22A7C1F4089250099C7B4 /* AppDelegate.swift in Sources */ = {isa = PBXBuildFile; fileRef = 28D22A7B1F4089250099C7B4 /* AppDelegate.swift */; };
		28D22A7E1F4089250099C7B4 /* ViewController.swift in Sources */ = {isa = PBXBuildFile; fileRef = 28D22A7D1F4089250099C7B4 /* ViewController.swift */; };
		28D22A811F4089250099C7B4 /* Main.storyboard in Resources */ = {isa = PBXBuildFile; fileRef = 28D22A7F1F4089250099C7B4 /* Main.storyboard */; };
		28D22A831F4089250099C7B4 /* Assets.xcassets in Resources */ = {isa = PBXBuildFile; fileRef = 28D22A821F4089250099C7B4 /* Assets.xcassets */; };
		28D22A861F4089250099C7B4 /* LaunchScreen.storyboard in Resources */ = {isa = PBXBuildFile; fileRef = 28D22A841F4089250099C7B4 /* LaunchScreen.storyboard */; };
		28D22A911F4089260099C7B4 /* mvc_testTests.swift in Sources */ = {isa = PBXBuildFile; fileRef = 28D22A901F4089260099C7B4 /* mvc_testTests.swift */; };
		28D22A9C1F4089260099C7B4 /* mvc_testUITests.swift in Sources */ = {isa = PBXBuildFile; fileRef = 28D22A9B1F4089260099C7B4 /* mvc_testUITests.swift */; };
		28D22AAD1F4089CC0099C7B4 /* Person.swift in Sources */ = {isa = PBXBuildFile; fileRef = 28D22AAC1F4089CC0099C7B4 /* Person.swift */; };
		28D22AAF1F408C680099C7B4 /* RoundedImageView.swift in Sources */ = {isa = PBXBuildFile; fileRef = 28D22AAE1F408C680099C7B4 /* RoundedImageView.swift */; };
/* End PBXBuildFile section */

/* Begin PBXContainerItemProxy section */
		28D22A8D1F4089260099C7B4 /* PBXContainerItemProxy */ = {
			isa = PBXContainerItemProxy;
			containerPortal = 28D22A701F4089250099C7B4 /* Project object */;
			proxyType = 1;
			remoteGlobalIDString = 28D22A771F4089250099C7B4;
			remoteInfo = "mvc-test";
		};
		28D22A981F4089260099C7B4 /* PBXContainerItemProxy */ = {
			isa = PBXContainerItemProxy;
			containerPortal = 28D22A701F4089250099C7B4 /* Project object */;
			proxyType = 1;
			remoteGlobalIDString = 28D22A771F4089250099C7B4;
			remoteInfo = "mvc-test";
		};
/* End PBXContainerItemProxy section */

/* Begin PBXFileReference section */
		28D22A781F4089250099C7B4 /* mvc-test.app */ = {isa = PBXFileReference; explicitFileType = wrapper.application; includeInIndex = 0; path = "mvc-test.app"; sourceTree = BUILT_PRODUCTS_DIR; };
		28D22A7B1F4089250099C7B4 /* AppDelegate.swift */ = {isa = PBXFileReference; lastKnownFileType = sourcecode.swift; path = AppDelegate.swift; sourceTree = "<group>"; };
		28D22A7D1F4089250099C7B4 /* ViewController.swift */ = {isa = PBXFileReference; lastKnownFileType = sourcecode.swift; path = ViewController.swift; sourceTree = "<group>"; };
		28D22A801F4089250099C7B4 /* Base */ = {isa = PBXFileReference; lastKnownFileType = file.storyboard; name = Base; path = Base.lproj/Main.storyboard; sourceTree = "<group>"; };
		28D22A821F4089250099C7B4 /* Assets.xcassets */ = {isa = PBXFileReference; lastKnownFileType = folder.assetcatalog; path = Assets.xcassets; sourceTree = "<group>"; };
		28D22A851F4089250099C7B4 /* Base */ = {isa = PBXFileReference; lastKnownFileType = file.storyboard; name = Base; path = Base.lproj/LaunchScreen.storyboard; sourceTree = "<group>"; };
		28D22A871F4089250099C7B4 /* Info.plist */ = {isa = PBXFileReference; lastKnownFileType = text.plist.xml; path = Info.plist; sourceTree = "<group>"; };
		28D22A8C1F4089260099C7B4 /* mvc-testTests.xctest */ = {isa = PBXFileReference; explicitFileType = wrapper.cfbundle; includeInIndex = 0; path = "mvc-testTests.xctest"; sourceTree = BUILT_PRODUCTS_DIR; };
		28D22A901F4089260099C7B4 /* mvc_testTests.swift */ = {isa = PBXFileReference; lastKnownFileType = sourcecode.swift; path = mvc_testTests.swift; sourceTree = "<group>"; };
		28D22A921F4089260099C7B4 /* Info.plist */ = {isa = PBXFileReference; lastKnownFileType = text.plist.xml; path = Info.plist; sourceTree = "<group>"; };
		28D22A971F4089260099C7B4 /* mvc-testUITests.xctest */ = {isa = PBXFileReference; explicitFileType = wrapper.cfbundle; includeInIndex = 0; path = "mvc-testUITests.xctest"; sourceTree = BUILT_PRODUCTS_DIR; };
		28D22A9B1F4089260099C7B4 /* mvc_testUITests.swift */ = {isa = PBXFileReference; lastKnownFileType = sourcecode.swift; path = mvc_testUITests.swift; sourceTree = "<group>"; };
		28D22A9D1F4089260099C7B4 /* Info.plist */ = {isa = PBXFileReference; lastKnownFileType = text.plist.xml; path = Info.plist; sourceTree = "<group>"; };
		28D22AAC1F4089CC0099C7B4 /* Person.swift */ = {isa = PBXFileReference; fileEncoding = 4; lastKnownFileType = sourcecode.swift; path = Person.swift; sourceTree = "<group>"; };
		28D22AAE1F408C680099C7B4 /* RoundedImageView.swift */ = {isa = PBXFileReference; fileEncoding = 4; lastKnownFileType = sourcecode.swift; path = RoundedImageView.swift; sourceTree = "<group>"; };
/* End PBXFileReference section */

/* Begin PBXFrameworksBuildPhase section */
		28D22A751F4089250099C7B4 /* Frameworks */ = {
			isa = PBXFrameworksBuildPhase;
			buildActionMask = 2147483647;
			files = (
			);
			runOnlyForDeploymentPostprocessing = 0;
		};
		28D22A891F4089260099C7B4 /* Frameworks */ = {
			isa = PBXFrameworksBuildPhase;
			buildActionMask = 2147483647;
			files = (
			);
			runOnlyForDeploymentPostprocessing = 0;
		};
		28D22A941F4089260099C7B4 /* Frameworks */ = {
			isa = PBXFrameworksBuildPhase;
			buildActionMask = 2147483647;
			files = (
			);
			runOnlyForDeploymentPostprocessing = 0;
		};
/* End PBXFrameworksBuildPhase section */

/* Begin PBXGroup section */
		28D22A6F1F4089250099C7B4 = {
			isa = PBXGroup;
			children = (
				28D22A7A1F4089250099C7B4 /* mvc-test */,
				28D22A8F1F4089260099C7B4 /* mvc-testTests */,
				28D22A9A1F4089260099C7B4 /* mvc-testUITests */,
				28D22A791F4089250099C7B4 /* Products */,
			);
			sourceTree = "<group>";
		};
		28D22A791F4089250099C7B4 /* Products */ = {
			isa = PBXGroup;
			children = (
				28D22A781F4089250099C7B4 /* mvc-test.app */,
				28D22A8C1F4089260099C7B4 /* mvc-testTests.xctest */,
				28D22A971F4089260099C7B4 /* mvc-testUITests.xctest */,
			);
			name = Products;
			sourceTree = "<group>";
		};
		28D22A7A1F4089250099C7B4 /* mvc-test */ = {
			isa = PBXGroup;
			children = (
				28D22AAB1F4089830099C7B4 /* Model */,
				28D22AAA1F40897C0099C7B4 /* View */,
				28D22AA91F4089710099C7B4 /* Controller */,
				28D22A7B1F4089250099C7B4 /* AppDelegate.swift */,
				28D22A7F1F4089250099C7B4 /* Main.storyboard */,
				28D22A821F4089250099C7B4 /* Assets.xcassets */,
				28D22A841F4089250099C7B4 /* LaunchScreen.storyboard */,
				28D22A871F4089250099C7B4 /* Info.plist */,
			);
			path = "mvc-test";
			sourceTree = "<group>";
		};
		28D22A8F1F4089260099C7B4 /* mvc-testTests */ = {
			isa = PBXGroup;
			children = (
				28D22A901F4089260099C7B4 /* mvc_testTests.swift */,
				28D22A921F4089260099C7B4 /* Info.plist */,
			);
			path = "mvc-testTests";
			sourceTree = "<group>";
		};
		28D22A9A1F4089260099C7B4 /* mvc-testUITests */ = {
			isa = PBXGroup;
			children = (
				28D22A9B1F4089260099C7B4 /* mvc_testUITests.swift */,
				28D22A9D1F4089260099C7B4 /* Info.plist */,
			);
			path = "mvc-testUITests";
			sourceTree = "<group>";
		};
		28D22AA91F4089710099C7B4 /* Controller */ = {
			isa = PBXGroup;
			children = (
				28D22A7D1F4089250099C7B4 /* ViewController.swift */,
			);
			name = Controller;
			sourceTree = "<group>";
		};
		28D22AAA1F40897C0099C7B4 /* View */ = {
			isa = PBXGroup;
			children = (
				28D22AAE1F408C680099C7B4 /* RoundedImageView.swift */,
			);
			name = View;
			sourceTree = "<group>";
		};
		28D22AAB1F4089830099C7B4 /* Model */ = {
			isa = PBXGroup;
			children = (
				28D22AAC1F4089CC0099C7B4 /* Person.swift */,
			);
			name = Model;
			sourceTree = "<group>";
		};
/* End PBXGroup section */

/* Begin PBXNativeTarget section */
		28D22A771F4089250099C7B4 /* mvc-test */ = {
			isa = PBXNativeTarget;
			buildConfigurationList = 28D22AA01F4089260099C7B4 /* Build configuration list for PBXNativeTarget "mvc-test" */;
			buildPhases = (
				28D22A741F4089250099C7B4 /* Sources */,
				28D22A751F4089250099C7B4 /* Frameworks */,
				28D22A761F4089250099C7B4 /* Resources */,
			);
			buildRules = (
			);
			dependencies = (
			);
			name = "mvc-test";
			productName = "mvc-test";
			productReference = 28D22A781F4089250099C7B4 /* mvc-test.app */;
			productType = "com.apple.product-type.application";
		};
		28D22A8B1F4089260099C7B4 /* mvc-testTests */ = {
			isa = PBXNativeTarget;
			buildConfigurationList = 28D22AA31F4089260099C7B4 /* Build configuration list for PBXNativeTarget "mvc-testTests" */;
			buildPhases = (
				28D22A881F4089260099C7B4 /* Sources */,
				28D22A891F4089260099C7B4 /* Frameworks */,
				28D22A8A1F4089260099C7B4 /* Resources */,
			);
			buildRules = (
			);
			dependencies = (
				28D22A8E1F4089260099C7B4 /* PBXTargetDependency */,
			);
			name = "mvc-testTests";
			productName = "mvc-testTests";
			productReference = 28D22A8C1F4089260099C7B4 /* mvc-testTests.xctest */;
			productType = "com.apple.product-type.bundle.unit-test";
		};
		28D22A961F4089260099C7B4 /* mvc-testUITests */ = {
			isa = PBXNativeTarget;
			buildConfigurationList = 28D22AA61F4089260099C7B4 /* Build configuration list for PBXNativeTarget "mvc-testUITests" */;
			buildPhases = (
				28D22A931F4089260099C7B4 /* Sources */,
				28D22A941F4089260099C7B4 /* Frameworks */,
				28D22A951F4089260099C7B4 /* Resources */,
			);
			buildRules = (
			);
			dependencies = (
				28D22A991F4089260099C7B4 /* PBXTargetDependency */,
			);
			name = "mvc-testUITests";
			productName = "mvc-testUITests";
			productReference = 28D22A971F4089260099C7B4 /* mvc-testUITests.xctest */;
			productType = "com.apple.product-type.bundle.ui-testing";
		};
/* End PBXNativeTarget section */

/* Begin PBXProject section */
		28D22A701F4089250099C7B4 /* Project object */ = {
			isa = PBXProject;
			attributes = {
				LastSwiftUpdateCheck = 0820;
				LastUpgradeCheck = 0820;
				ORGANIZATIONNAME = "Billy Pierce";
				TargetAttributes = {
					28D22A771F4089250099C7B4 = {
						CreatedOnToolsVersion = 8.2.1;
						ProvisioningStyle = Automatic;
					};
					28D22A8B1F4089260099C7B4 = {
						CreatedOnToolsVersion = 8.2.1;
						ProvisioningStyle = Automatic;
						TestTargetID = 28D22A771F4089250099C7B4;
					};
					28D22A961F4089260099C7B4 = {
						CreatedOnToolsVersion = 8.2.1;
						ProvisioningStyle = Automatic;
						TestTargetID = 28D22A771F4089250099C7B4;
					};
				};
			};
			buildConfigurationList = 28D22A731F4089250099C7B4 /* Build configuration list for PBXProject "mvc-test" */;
			compatibilityVersion = "Xcode 3.2";
			developmentRegion = English;
			hasScannedForEncodings = 0;
			knownRegions = (
				en,
				Base,
			);
			mainGroup = 28D22A6F1F4089250099C7B4;
			productRefGroup = 28D22A791F4089250099C7B4 /* Products */;
			projectDirPath = "";
			projectRoot = "";
			targets = (
				28D22A771F4089250099C7B4 /* mvc-test */,
				28D22A8B1F4089260099C7B4 /* mvc-testTests */,
				28D22A961F4089260099C7B4 /* mvc-testUITests */,
			);
		};
/* End PBXProject section */

/* Begin PBXResourcesBuildPhase section */
		28D22A761F4089250099C7B4 /* Resources */ = {
			isa = PBXResourcesBuildPhase;
			buildActionMask = 2147483647;
			files = (
				28D22A861F4089250099C7B4 /* LaunchScreen.storyboard in Resources */,
				28D22A831F4089250099C7B4 /* Assets.xcassets in Resources */,
				28D22A811F4089250099C7B4 /* Main.storyboard in Resources */,
			);
			runOnlyForDeploymentPostprocessing = 0;
		};
		28D22A8A1F4089260099C7B4 /* Resources */ = {
			isa = PBXResourcesBuildPhase;
			buildActionMask = 2147483647;
			files = (
			);
			runOnlyForDeploymentPostprocessing = 0;
		};
		28D22A951F4089260099C7B4 /* Resources */ = {
			isa = PBXResourcesBuildPhase;
			buildActionMask = 2147483647;
			files = (
			);
			runOnlyForDeploymentPostprocessing = 0;
		};
/* End PBXResourcesBuildPhase section */

/* Begin PBXSourcesBuildPhase section */
		28D22A741F4089250099C7B4 /* Sources */ = {
			isa = PBXSourcesBuildPhase;
			buildActionMask = 2147483647;
			files = (
				28D22AAF1F408C680099C7B4 /* RoundedImageView.swift in Sources */,
				28D22AAD1F4089CC0099C7B4 /* Person.swift in Sources */,
				28D22A7E1F4089250099C7B4 /* ViewController.swift in Sources */,
				28D22A7C1F4089250099C7B4 /* AppDelegate.swift in Sources */,
			);
			runOnlyForDeploymentPostprocessing = 0;
		};
		28D22A881F4089260099C7B4 /* Sources */ = {
			isa = PBXSourcesBuildPhase;
			buildActionMask = 2147483647;
			files = (
				28D22A911F4089260099C7B4 /* mvc_testTests.swift in Sources */,
			);
			runOnlyForDeploymentPostprocessing = 0;
		};
		28D22A931F4089260099C7B4 /* Sources */ = {
			isa = PBXSourcesBuildPhase;
			buildActionMask = 2147483647;
			files = (
				28D22A9C1F4089260099C7B4 /* mvc_testUITests.swift in Sources */,
			);
			runOnlyForDeploymentPostprocessing = 0;
		};
/* End PBXSourcesBuildPhase section */

/* Begin PBXTargetDependency section */
		28D22A8E1F4089260099C7B4 /* PBXTargetDependency */ = {
			isa = PBXTargetDependency;
			target = 28D22A771F4089250099C7B4 /* mvc-test */;
			targetProxy = 28D22A8D1F4089260099C7B4 /* PBXContainerItemProxy */;
		};
		28D22A991F4089260099C7B4 /* PBXTargetDependency */ = {
			isa = PBXTargetDependency;
			target = 28D22A771F4089250099C7B4 /* mvc-test */;
			targetProxy = 28D22A981F4089260099C7B4 /* PBXContainerItemProxy */;
		};
/* End PBXTargetDependency section */

/* Begin PBXVariantGroup section */
		28D22A7F1F4089250099C7B4 /* Main.storyboard */ = {
			isa = PBXVariantGroup;
			children = (
				28D22A801F4089250099C7B4 /* Base */,
			);
			name = Main.storyboard;
			sourceTree = "<group>";
		};
		28D22A841F4089250099C7B4 /* LaunchScreen.storyboard */ = {
			isa = PBXVariantGroup;
			children = (
				28D22A851F4089250099C7B4 /* Base */,
			);
			name = LaunchScreen.storyboard;
			sourceTree = "<group>";
		};
/* End PBXVariantGroup section */

/* Begin XCBuildConfiguration section */
		28D22A9E1F4089260099C7B4 /* Debug */ = {
			isa = XCBuildConfiguration;
			buildSettings = {
				ALWAYS_SEARCH_USER_PATHS = NO;
				CLANG_ANALYZER_NONNULL = YES;
				CLANG_CXX_LANGUAGE_STANDARD = "gnu++0x";
				CLANG_CXX_LIBRARY = "libc++";
				CLANG_ENABLE_MODULES = YES;
				CLANG_ENABLE_OBJC_ARC = YES;
				CLANG_WARN_BOOL_CONVERSION = YES;
				CLANG_WARN_CONSTANT_CONVERSION = YES;
				CLANG_WARN_DIRECT_OBJC_ISA_USAGE = YES_ERROR;
				CLANG_WARN_DOCUMENTATION_COMMENTS = YES;
				CLANG_WARN_EMPTY_BODY = YES;
				CLANG_WARN_ENUM_CONVERSION = YES;
				CLANG_WARN_INFINITE_RECURSION = YES;
				CLANG_WARN_INT_CONVERSION = YES;
				CLANG_WARN_OBJC_ROOT_CLASS = YES_ERROR;
				CLANG_WARN_SUSPICIOUS_MOVE = YES;
				CLANG_WARN_UNREACHABLE_CODE = YES;
				CLANG_WARN__DUPLICATE_METHOD_MATCH = YES;
				"CODE_SIGN_IDENTITY[sdk=iphoneos*]" = "iPhone Developer";
				COPY_PHASE_STRIP = NO;
				DEBUG_INFORMATION_FORMAT = dwarf;
				ENABLE_STRICT_OBJC_MSGSEND = YES;
				ENABLE_TESTABILITY = YES;
				GCC_C_LANGUAGE_STANDARD = gnu99;
				GCC_DYNAMIC_NO_PIC = NO;
				GCC_NO_COMMON_BLOCKS = YES;
				GCC_OPTIMIZATION_LEVEL = 0;
				GCC_PREPROCESSOR_DEFINITIONS = (
					"DEBUG=1",
					"$(inherited)",
				);
				GCC_WARN_64_TO_32_BIT_CONVERSION = YES;
				GCC_WARN_ABOUT_RETURN_TYPE = YES_ERROR;
				GCC_WARN_UNDECLARED_SELECTOR = YES;
				GCC_WARN_UNINITIALIZED_AUTOS = YES_AGGRESSIVE;
				GCC_WARN_UNUSED_FUNCTION = YES;
				GCC_WARN_UNUSED_VARIABLE = YES;
				IPHONEOS_DEPLOYMENT_TARGET = 10.2;
				MTL_ENABLE_DEBUG_INFO = YES;
				ONLY_ACTIVE_ARCH = YES;
				SDKROOT = iphoneos;
				SWIFT_ACTIVE_COMPILATION_CONDITIONS = DEBUG;
				SWIFT_OPTIMIZATION_LEVEL = "-Onone";
				TARGETED_DEVICE_FAMILY = "1,2";
			};
			name = Debug;
		};
		28D22A9F1F4089260099C7B4 /* Release */ = {
			isa = XCBuildConfiguration;
			buildSettings = {
				ALWAYS_SEARCH_USER_PATHS = NO;
				CLANG_ANALYZER_NONNULL = YES;
				CLANG_CXX_LANGUAGE_STANDARD = "gnu++0x";
				CLANG_CXX_LIBRARY = "libc++";
				CLANG_ENABLE_MODULES = YES;
				CLANG_ENABLE_OBJC_ARC = YES;
				CLANG_WARN_BOOL_CONVERSION = YES;
				CLANG_WARN_CONSTANT_CONVERSION = YES;
				CLANG_WARN_DIRECT_OBJC_ISA_USAGE = YES_ERROR;
				CLANG_WARN_DOCUMENTATION_COMMENTS = YES;
				CLANG_WARN_EMPTY_BODY = YES;
				CLANG_WARN_ENUM_CONVERSION = YES;
				CLANG_WARN_INFINITE_RECURSION = YES;
				CLANG_WARN_INT_CONVERSION = YES;
				CLANG_WARN_OBJC_ROOT_CLASS = YES_ERROR;
				CLANG_WARN_SUSPICIOUS_MOVE = YES;
				CLANG_WARN_UNREACHABLE_CODE = YES;
				CLANG_WARN__DUPLICATE_METHOD_MATCH = YES;
				"CODE_SIGN_IDENTITY[sdk=iphoneos*]" = "iPhone Developer";
				COPY_PHASE_STRIP = NO;
				DEBUG_INFORMATION_FORMAT = "dwarf-with-dsym";
				ENABLE_NS_ASSERTIONS = NO;
				ENABLE_STRICT_OBJC_MSGSEND = YES;
				GCC_C_LANGUAGE_STANDARD = gnu99;
				GCC_NO_COMMON_BLOCKS = YES;
				GCC_WARN_64_TO_32_BIT_CONVERSION = YES;
				GCC_WARN_ABOUT_RETURN_TYPE = YES_ERROR;
				GCC_WARN_UNDECLARED_SELECTOR = YES;
				GCC_WARN_UNINITIALIZED_AUTOS = YES_AGGRESSIVE;
				GCC_WARN_UNUSED_FUNCTION = YES;
				GCC_WARN_UNUSED_VARIABLE = YES;
				IPHONEOS_DEPLOYMENT_TARGET = 10.2;
				MTL_ENABLE_DEBUG_INFO = NO;
				SDKROOT = iphoneos;
				SWIFT_OPTIMIZATION_LEVEL = "-Owholemodule";
				TARGETED_DEVICE_FAMILY = "1,2";
				VALIDATE_PRODUCT = YES;
			};
			name = Release;
		};
		28D22AA11F4089260099C7B4 /* Debug */ = {
			isa = XCBuildConfiguration;
			buildSettings = {
				ASSETCATALOG_COMPILER_APPICON_NAME = AppIcon;
				INFOPLIST_FILE = "mvc-test/Info.plist";
				LD_RUNPATH_SEARCH_PATHS = "$(inherited) @executable_path/Frameworks";
				PRODUCT_BUNDLE_IDENTIFIER = "com.Billy.mvc-test";
				PRODUCT_NAME = "$(TARGET_NAME)";
				SWIFT_VERSION = 3.0;
			};
			name = Debug;
		};
		28D22AA21F4089260099C7B4 /* Release */ = {
			isa = XCBuildConfiguration;
			buildSettings = {
				ASSETCATALOG_COMPILER_APPICON_NAME = AppIcon;
				INFOPLIST_FILE = "mvc-test/Info.plist";
				LD_RUNPATH_SEARCH_PATHS = "$(inherited) @executable_path/Frameworks";
				PRODUCT_BUNDLE_IDENTIFIER = "com.Billy.mvc-test";
				PRODUCT_NAME = "$(TARGET_NAME)";
				SWIFT_VERSION = 3.0;
			};
			name = Release;
		};
		28D22AA41F4089260099C7B4 /* Debug */ = {
			isa = XCBuildConfiguration;
			buildSettings = {
				ALWAYS_EMBED_SWIFT_STANDARD_LIBRARIES = YES;
				BUNDLE_LOADER = "$(TEST_HOST)";
				INFOPLIST_FILE = "mvc-testTests/Info.plist";
				LD_RUNPATH_SEARCH_PATHS = "$(inherited) @executable_path/Frameworks @loader_path/Frameworks";
				PRODUCT_BUNDLE_IDENTIFIER = "com.Billy.mvc-testTests";
				PRODUCT_NAME = "$(TARGET_NAME)";
				SWIFT_VERSION = 3.0;
				TEST_HOST = "$(BUILT_PRODUCTS_DIR)/mvc-test.app/mvc-test";
			};
			name = Debug;
		};
		28D22AA51F4089260099C7B4 /* Release */ = {
			isa = XCBuildConfiguration;
			buildSettings = {
				ALWAYS_EMBED_SWIFT_STANDARD_LIBRARIES = YES;
				BUNDLE_LOADER = "$(TEST_HOST)";
				INFOPLIST_FILE = "mvc-testTests/Info.plist";
				LD_RUNPATH_SEARCH_PATHS = "$(inherited) @executable_path/Frameworks @loader_path/Frameworks";
				PRODUCT_BUNDLE_IDENTIFIER = "com.Billy.mvc-testTests";
				PRODUCT_NAME = "$(TARGET_NAME)";
				SWIFT_VERSION = 3.0;
				TEST_HOST = "$(BUILT_PRODUCTS_DIR)/mvc-test.app/mvc-test";
			};
			name = Release;
		};
		28D22AA71F4089260099C7B4 /* Debug */ = {
			isa = XCBuildConfiguration;
			buildSettings = {
				ALWAYS_EMBED_SWIFT_STANDARD_LIBRARIES = YES;
				INFOPLIST_FILE = "mvc-testUITests/Info.plist";
				LD_RUNPATH_SEARCH_PATHS = "$(inherited) @executable_path/Frameworks @loader_path/Frameworks";
				PRODUCT_BUNDLE_IDENTIFIER = "com.Billy.mvc-testUITests";
				PRODUCT_NAME = "$(TARGET_NAME)";
				SWIFT_VERSION = 3.0;
				TEST_TARGET_NAME = "mvc-test";
			};
			name = Debug;
		};
		28D22AA81F4089260099C7B4 /* Release */ = {
			isa = XCBuildConfiguration;
			buildSettings = {
				ALWAYS_EMBED_SWIFT_STANDARD_LIBRARIES = YES;
				INFOPLIST_FILE = "mvc-testUITests/Info.plist";
				LD_RUNPATH_SEARCH_PATHS = "$(inherited) @executable_path/Frameworks @loader_path/Frameworks";
				PRODUCT_BUNDLE_IDENTIFIER = "com.Billy.mvc-testUITests";
				PRODUCT_NAME = "$(TARGET_NAME)";
				SWIFT_VERSION = 3.0;
				TEST_TARGET_NAME = "mvc-test";
			};
			name = Release;
		};
/* End XCBuildConfiguration section */

/* Begin XCConfigurationList section */
		28D22A731F4089250099C7B4 /* Build configuration list for PBXProject "mvc-test" */ = {
			isa = XCConfigurationList;
			buildConfigurations = (
				28D22A9E1F4089260099C7B4 /* Debug */,
				28D22A9F1F4089260099C7B4 /* Release */,
			);
			defaultConfigurationIsVisible = 0;
			defaultConfigurationName = Release;
		};
		28D22AA01F4089260099C7B4 /* Build configuration list for PBXNativeTarget "mvc-test" */ = {
			isa = XCConfigurationList;
			buildConfigurations = (
				28D22AA11F4089260099C7B4 /* Debug */,
				28D22AA21F4089260099C7B4 /* Release */,
			);
			defaultConfigurationIsVisible = 0;
		};
		28D22AA31F4089260099C7B4 /* Build configuration list for PBXNativeTarget "mvc-testTests" */ = {
			isa = XCConfigurationList;
			buildConfigurations = (
				28D22AA41F4089260099C7B4 /* Debug */,
				28D22AA51F4089260099C7B4 /* Release */,
			);
			defaultConfigurationIsVisible = 0;
		};
		28D22AA61F4089260099C7B4 /* Build configuration list for PBXNativeTarget "mvc-testUITests" */ = {
			isa = XCConfigurationList;
			buildConfigurations = (
				28D22AA71F4089260099C7B4 /* Debug */,
				28D22AA81F4089260099C7B4 /* Release */,
			);
			defaultConfigurationIsVisible = 0;
		};
/* End XCConfigurationList section */
	};
	rootObject = 28D22A701F4089250099C7B4 /* Project object */;
}
