// !$*UTF8*$!
{
	archiveVersion = 1;
	classes = {
	};
	objectVersion = 46;
	objects = {

/* Begin PBXBuildFile section */
		28D4FA931F43574400CA2828 /* AppDelegate.swift in Sources */ = {isa = PBXBuildFile; fileRef = 28D4FA921F43574400CA2828 /* AppDelegate.swift */; };
		28D4FA951F43574400CA2828 /* ViewController.swift in Sources */ = {isa = PBXBuildFile; fileRef = 28D4FA941F43574400CA2828 /* ViewController.swift */; };
		28D4FA981F43574400CA2828 /* Main.storyboard in Resources */ = {isa = PBXBuildFile; fileRef = 28D4FA961F43574400CA2828 /* Main.storyboard */; };
		28D4FA9A1F43574400CA2828 /* Assets.xcassets in Resources */ = {isa = PBXBuildFile; fileRef = 28D4FA991F43574400CA2828 /* Assets.xcassets */; };
		28D4FA9D1F43574400CA2828 /* LaunchScreen.storyboard in Resources */ = {isa = PBXBuildFile; fileRef = 28D4FA9B1F43574400CA2828 /* LaunchScreen.storyboard */; };
		28D4FAA81F43574400CA2828 /* pokedexTests.swift in Sources */ = {isa = PBXBuildFile; fileRef = 28D4FAA71F43574400CA2828 /* pokedexTests.swift */; };
		28D4FAB31F43574400CA2828 /* pokedexUITests.swift in Sources */ = {isa = PBXBuildFile; fileRef = 28D4FAB21F43574400CA2828 /* pokedexUITests.swift */; };
		28D4FAC11F43597C00CA2828 /* pokemon.csv in Resources */ = {isa = PBXBuildFile; fileRef = 28D4FAC01F43597C00CA2828 /* pokemon.csv */; };
		28D4FAC41F435A4D00CA2828 /* Pokemon.swift in Sources */ = {isa = PBXBuildFile; fileRef = 28D4FAC31F435A4D00CA2828 /* Pokemon.swift */; };
		28D4FAC71F435E4400CA2828 /* PokeCell.swift in Sources */ = {isa = PBXBuildFile; fileRef = 28D4FAC61F435E4400CA2828 /* PokeCell.swift */; };
		28D4FAC91F43666800CA2828 /* csv.swift in Sources */ = {isa = PBXBuildFile; fileRef = 28D4FAC81F43666800CA2828 /* csv.swift */; };
		28D4FACB1F43692200CA2828 /* pokemonFont.ttf in Resources */ = {isa = PBXBuildFile; fileRef = 28D4FACA1F43692200CA2828 /* pokemonFont.ttf */; };
		28D4FAD01F436AA600CA2828 /* music.png in Resources */ = {isa = PBXBuildFile; fileRef = 28D4FACF1F436AA600CA2828 /* music.png */; };
		28D4FAD21F436AB900CA2828 /* music.mp3 in Resources */ = {isa = PBXBuildFile; fileRef = 28D4FAD11F436AB900CA2828 /* music.mp3 */; };
		28D4FAD51F43710100CA2828 /* PokemonDetailVC.swift in Sources */ = {isa = PBXBuildFile; fileRef = 28D4FAD41F43710100CA2828 /* PokemonDetailVC.swift */; };
		28D4FAD71F43830300CA2828 /* Constants.swift in Sources */ = {isa = PBXBuildFile; fileRef = 28D4FAD61F43830300CA2828 /* Constants.swift */; };
		A0EB5460F366C273FAD8A9E3 /* Pods_pokedex.framework in Frameworks */ = {isa = PBXBuildFile; fileRef = EF82BE31EFF3D67A443DE64F /* Pods_pokedex.framework */; };
/* End PBXBuildFile section */

/* Begin PBXContainerItemProxy section */
		28D4FAA41F43574400CA2828 /* PBXContainerItemProxy */ = {
			isa = PBXContainerItemProxy;
			containerPortal = 28D4FA871F43574400CA2828 /* Project object */;
			proxyType = 1;
			remoteGlobalIDString = 28D4FA8E1F43574400CA2828;
			remoteInfo = pokedex;
		};
		28D4FAAF1F43574400CA2828 /* PBXContainerItemProxy */ = {
			isa = PBXContainerItemProxy;
			containerPortal = 28D4FA871F43574400CA2828 /* Project object */;
			proxyType = 1;
			remoteGlobalIDString = 28D4FA8E1F43574400CA2828;
			remoteInfo = pokedex;
		};
/* End PBXContainerItemProxy section */

/* Begin PBXFileReference section */
		15660131237D185D07031E12 /* Pods-pokedex.release.xcconfig */ = {isa = PBXFileReference; includeInIndex = 1; lastKnownFileType = text.xcconfig; name = "Pods-pokedex.release.xcconfig"; path = "Pods/Target Support Files/Pods-pokedex/Pods-pokedex.release.xcconfig"; sourceTree = "<group>"; };
		28D4FA8F1F43574400CA2828 /* pokedex.app */ = {isa = PBXFileReference; explicitFileType = wrapper.application; includeInIndex = 0; path = pokedex.app; sourceTree = BUILT_PRODUCTS_DIR; };
		28D4FA921F43574400CA2828 /* AppDelegate.swift */ = {isa = PBXFileReference; lastKnownFileType = sourcecode.swift; path = AppDelegate.swift; sourceTree = "<group>"; };
		28D4FA941F43574400CA2828 /* ViewController.swift */ = {isa = PBXFileReference; lastKnownFileType = sourcecode.swift; path = ViewController.swift; sourceTree = "<group>"; };
		28D4FA971F43574400CA2828 /* Base */ = {isa = PBXFileReference; lastKnownFileType = file.storyboard; name = Base; path = Base.lproj/Main.storyboard; sourceTree = "<group>"; };
		28D4FA991F43574400CA2828 /* Assets.xcassets */ = {isa = PBXFileReference; lastKnownFileType = folder.assetcatalog; path = Assets.xcassets; sourceTree = "<group>"; };
		28D4FA9C1F43574400CA2828 /* Base */ = {isa = PBXFileReference; lastKnownFileType = file.storyboard; name = Base; path = Base.lproj/LaunchScreen.storyboard; sourceTree = "<group>"; };
		28D4FA9E1F43574400CA2828 /* Info.plist */ = {isa = PBXFileReference; lastKnownFileType = text.plist.xml; path = Info.plist; sourceTree = "<group>"; };
		28D4FAA31F43574400CA2828 /* pokedexTests.xctest */ = {isa = PBXFileReference; explicitFileType = wrapper.cfbundle; includeInIndex = 0; path = pokedexTests.xctest; sourceTree = BUILT_PRODUCTS_DIR; };
		28D4FAA71F43574400CA2828 /* pokedexTests.swift */ = {isa = PBXFileReference; lastKnownFileType = sourcecode.swift; path = pokedexTests.swift; sourceTree = "<group>"; };
		28D4FAA91F43574400CA2828 /* Info.plist */ = {isa = PBXFileReference; lastKnownFileType = text.plist.xml; path = Info.plist; sourceTree = "<group>"; };
		28D4FAAE1F43574400CA2828 /* pokedexUITests.xctest */ = {isa = PBXFileReference; explicitFileType = wrapper.cfbundle; includeInIndex = 0; path = pokedexUITests.xctest; sourceTree = BUILT_PRODUCTS_DIR; };
		28D4FAB21F43574400CA2828 /* pokedexUITests.swift */ = {isa = PBXFileReference; lastKnownFileType = sourcecode.swift; path = pokedexUITests.swift; sourceTree = "<group>"; };
		28D4FAB41F43574400CA2828 /* Info.plist */ = {isa = PBXFileReference; lastKnownFileType = text.plist.xml; path = Info.plist; sourceTree = "<group>"; };
		28D4FAC01F43597C00CA2828 /* pokemon.csv */ = {isa = PBXFileReference; fileEncoding = 4; lastKnownFileType = text; path = pokemon.csv; sourceTree = "<group>"; };
		28D4FAC31F435A4D00CA2828 /* Pokemon.swift */ = {isa = PBXFileReference; fileEncoding = 4; lastKnownFileType = sourcecode.swift; path = Pokemon.swift; sourceTree = "<group>"; };
		28D4FAC61F435E4400CA2828 /* PokeCell.swift */ = {isa = PBXFileReference; fileEncoding = 4; lastKnownFileType = sourcecode.swift; path = PokeCell.swift; sourceTree = "<group>"; };
		28D4FAC81F43666800CA2828 /* csv.swift */ = {isa = PBXFileReference; fileEncoding = 4; lastKnownFileType = sourcecode.swift; path = csv.swift; sourceTree = "<group>"; };
		28D4FACA1F43692200CA2828 /* pokemonFont.ttf */ = {isa = PBXFileReference; lastKnownFileType = file; path = pokemonFont.ttf; sourceTree = "<group>"; };
		28D4FACF1F436AA600CA2828 /* music.png */ = {isa = PBXFileReference; lastKnownFileType = image.png; path = music.png; sourceTree = "<group>"; };
		28D4FAD11F436AB900CA2828 /* music.mp3 */ = {isa = PBXFileReference; lastKnownFileType = audio.mp3; path = music.mp3; sourceTree = "<group>"; };
		28D4FAD41F43710100CA2828 /* PokemonDetailVC.swift */ = {isa = PBXFileReference; fileEncoding = 4; lastKnownFileType = sourcecode.swift; path = PokemonDetailVC.swift; sourceTree = "<group>"; };
		28D4FAD61F43830300CA2828 /* Constants.swift */ = {isa = PBXFileReference; fileEncoding = 4; lastKnownFileType = sourcecode.swift; path = Constants.swift; sourceTree = "<group>"; };
		9292A82F93AA4BA3036E0F5F /* Pods-pokedex.debug.xcconfig */ = {isa = PBXFileReference; includeInIndex = 1; lastKnownFileType = text.xcconfig; name = "Pods-pokedex.debug.xcconfig"; path = "Pods/Target Support Files/Pods-pokedex/Pods-pokedex.debug.xcconfig"; sourceTree = "<group>"; };
		EF82BE31EFF3D67A443DE64F /* Pods_pokedex.framework */ = {isa = PBXFileReference; explicitFileType = wrapper.framework; includeInIndex = 0; path = Pods_pokedex.framework; sourceTree = BUILT_PRODUCTS_DIR; };
/* End PBXFileReference section */

/* Begin PBXFrameworksBuildPhase section */
		28D4FA8C1F43574400CA2828 /* Frameworks */ = {
			isa = PBXFrameworksBuildPhase;
			buildActionMask = 2147483647;
			files = (
				A0EB5460F366C273FAD8A9E3 /* Pods_pokedex.framework in Frameworks */,
			);
			runOnlyForDeploymentPostprocessing = 0;
		};
		28D4FAA01F43574400CA2828 /* Frameworks */ = {
			isa = PBXFrameworksBuildPhase;
			buildActionMask = 2147483647;
			files = (
			);
			runOnlyForDeploymentPostprocessing = 0;
		};
		28D4FAAB1F43574400CA2828 /* Frameworks */ = {
			isa = PBXFrameworksBuildPhase;
			buildActionMask = 2147483647;
			files = (
			);
			runOnlyForDeploymentPostprocessing = 0;
		};
/* End PBXFrameworksBuildPhase section */

/* Begin PBXGroup section */
		28D4FA861F43574400CA2828 = {
			isa = PBXGroup;
			children = (
				28D4FA911F43574400CA2828 /* pokedex */,
				28D4FAA61F43574400CA2828 /* pokedexTests */,
				28D4FAB11F43574400CA2828 /* pokedexUITests */,
				28D4FA901F43574400CA2828 /* Products */,
				F9F3673021E0C0D48F61C98D /* Pods */,
				DB69B500A8875A2C683592FB /* Frameworks */,
			);
			sourceTree = "<group>";
		};
		28D4FA901F43574400CA2828 /* Products */ = {
			isa = PBXGroup;
			children = (
				28D4FA8F1F43574400CA2828 /* pokedex.app */,
				28D4FAA31F43574400CA2828 /* pokedexTests.xctest */,
				28D4FAAE1F43574400CA2828 /* pokedexUITests.xctest */,
			);
			name = Products;
			sourceTree = "<group>";
		};
		28D4FA911F43574400CA2828 /* pokedex */ = {
			isa = PBXGroup;
			children = (
				28D4FAC21F435A3A00CA2828 /* Model */,
				28D4FAC51F435E2700CA2828 /* View */,
				28D4FACC1F43693E00CA2828 /* Controller */,
				28D4FACE1F43696000CA2828 /* Util */,
				28D4FACD1F43694900CA2828 /* Resources */,
				28D4FA921F43574400CA2828 /* AppDelegate.swift */,
				28D4FA961F43574400CA2828 /* Main.storyboard */,
				28D4FA991F43574400CA2828 /* Assets.xcassets */,
				28D4FA9B1F43574400CA2828 /* LaunchScreen.storyboard */,
				28D4FA9E1F43574400CA2828 /* Info.plist */,
			);
			path = pokedex;
			sourceTree = "<group>";
		};
		28D4FAA61F43574400CA2828 /* pokedexTests */ = {
			isa = PBXGroup;
			children = (
				28D4FAA71F43574400CA2828 /* pokedexTests.swift */,
				28D4FAA91F43574400CA2828 /* Info.plist */,
			);
			path = pokedexTests;
			sourceTree = "<group>";
		};
		28D4FAB11F43574400CA2828 /* pokedexUITests */ = {
			isa = PBXGroup;
			children = (
				28D4FAB21F43574400CA2828 /* pokedexUITests.swift */,
				28D4FAB41F43574400CA2828 /* Info.plist */,
			);
			path = pokedexUITests;
			sourceTree = "<group>";
		};
		28D4FAC21F435A3A00CA2828 /* Model */ = {
			isa = PBXGroup;
			children = (
				28D4FAC31F435A4D00CA2828 /* Pokemon.swift */,
			);
			name = Model;
			sourceTree = "<group>";
		};
		28D4FAC51F435E2700CA2828 /* View */ = {
			isa = PBXGroup;
			children = (
				28D4FAC61F435E4400CA2828 /* PokeCell.swift */,
			);
			name = View;
			sourceTree = "<group>";
		};
		28D4FACC1F43693E00CA2828 /* Controller */ = {
			isa = PBXGroup;
			children = (
				28D4FA941F43574400CA2828 /* ViewController.swift */,
				28D4FAD41F43710100CA2828 /* PokemonDetailVC.swift */,
			);
			name = Controller;
			sourceTree = "<group>";
		};
		28D4FACD1F43694900CA2828 /* Resources */ = {
			isa = PBXGroup;
			children = (
				28D4FAC01F43597C00CA2828 /* pokemon.csv */,
				28D4FACF1F436AA600CA2828 /* music.png */,
				28D4FAD11F436AB900CA2828 /* music.mp3 */,
				28D4FACA1F43692200CA2828 /* pokemonFont.ttf */,
			);
			name = Resources;
			sourceTree = "<group>";
		};
		28D4FACE1F43696000CA2828 /* Util */ = {
			isa = PBXGroup;
			children = (
				28D4FAC81F43666800CA2828 /* csv.swift */,
				28D4FAD61F43830300CA2828 /* Constants.swift */,
			);
			name = Util;
			sourceTree = "<group>";
		};
		DB69B500A8875A2C683592FB /* Frameworks */ = {
			isa = PBXGroup;
			children = (
				EF82BE31EFF3D67A443DE64F /* Pods_pokedex.framework */,
			);
			name = Frameworks;
			sourceTree = "<group>";
		};
		F9F3673021E0C0D48F61C98D /* Pods */ = {
			isa = PBXGroup;
			children = (
				9292A82F93AA4BA3036E0F5F /* Pods-pokedex.debug.xcconfig */,
				15660131237D185D07031E12 /* Pods-pokedex.release.xcconfig */,
			);
			name = Pods;
			sourceTree = "<group>";
		};
/* End PBXGroup section */

/* Begin PBXNativeTarget section */
		28D4FA8E1F43574400CA2828 /* pokedex */ = {
			isa = PBXNativeTarget;
			buildConfigurationList = 28D4FAB71F43574400CA2828 /* Build configuration list for PBXNativeTarget "pokedex" */;
			buildPhases = (
				0EEF802B820FCAFC32E0A418 /* [CP] Check Pods Manifest.lock */,
				28D4FA8B1F43574400CA2828 /* Sources */,
				28D4FA8C1F43574400CA2828 /* Frameworks */,
				28D4FA8D1F43574400CA2828 /* Resources */,
				4BC9170B0C1A0657A3DF380F /* [CP] Embed Pods Frameworks */,
				4D63077A71EF29581F48A256 /* [CP] Copy Pods Resources */,
			);
			buildRules = (
			);
			dependencies = (
			);
			name = pokedex;
			productName = pokedex;
			productReference = 28D4FA8F1F43574400CA2828 /* pokedex.app */;
			productType = "com.apple.product-type.application";
		};
		28D4FAA21F43574400CA2828 /* pokedexTests */ = {
			isa = PBXNativeTarget;
			buildConfigurationList = 28D4FABA1F43574400CA2828 /* Build configuration list for PBXNativeTarget "pokedexTests" */;
			buildPhases = (
				28D4FA9F1F43574400CA2828 /* Sources */,
				28D4FAA01F43574400CA2828 /* Frameworks */,
				28D4FAA11F43574400CA2828 /* Resources */,
			);
			buildRules = (
			);
			dependencies = (
				28D4FAA51F43574400CA2828 /* PBXTargetDependency */,
			);
			name = pokedexTests;
			productName = pokedexTests;
			productReference = 28D4FAA31F43574400CA2828 /* pokedexTests.xctest */;
			productType = "com.apple.product-type.bundle.unit-test";
		};
		28D4FAAD1F43574400CA2828 /* pokedexUITests */ = {
			isa = PBXNativeTarget;
			buildConfigurationList = 28D4FABD1F43574400CA2828 /* Build configuration list for PBXNativeTarget "pokedexUITests" */;
			buildPhases = (
				28D4FAAA1F43574400CA2828 /* Sources */,
				28D4FAAB1F43574400CA2828 /* Frameworks */,
				28D4FAAC1F43574400CA2828 /* Resources */,
			);
			buildRules = (
			);
			dependencies = (
				28D4FAB01F43574400CA2828 /* PBXTargetDependency */,
			);
			name = pokedexUITests;
			productName = pokedexUITests;
			productReference = 28D4FAAE1F43574400CA2828 /* pokedexUITests.xctest */;
			productType = "com.apple.product-type.bundle.ui-testing";
		};
/* End PBXNativeTarget section */

/* Begin PBXProject section */
		28D4FA871F43574400CA2828 /* Project object */ = {
			isa = PBXProject;
			attributes = {
				LastSwiftUpdateCheck = 0820;
				LastUpgradeCheck = 0820;
				ORGANIZATIONNAME = "Billy Pierce";
				TargetAttributes = {
					28D4FA8E1F43574400CA2828 = {
						CreatedOnToolsVersion = 8.2.1;
						LastSwiftMigration = 0820;
						ProvisioningStyle = Automatic;
					};
					28D4FAA21F43574400CA2828 = {
						CreatedOnToolsVersion = 8.2.1;
						LastSwiftMigration = 0820;
						ProvisioningStyle = Automatic;
						TestTargetID = 28D4FA8E1F43574400CA2828;
					};
					28D4FAAD1F43574400CA2828 = {
						CreatedOnToolsVersion = 8.2.1;
						LastSwiftMigration = 0820;
						ProvisioningStyle = Automatic;
						TestTargetID = 28D4FA8E1F43574400CA2828;
					};
				};
			};
			buildConfigurationList = 28D4FA8A1F43574400CA2828 /* Build configuration list for PBXProject "pokedex" */;
			compatibilityVersion = "Xcode 3.2";
			developmentRegion = English;
			hasScannedForEncodings = 0;
			knownRegions = (
				en,
				Base,
			);
			mainGroup = 28D4FA861F43574400CA2828;
			productRefGroup = 28D4FA901F43574400CA2828 /* Products */;
			projectDirPath = "";
			projectRoot = "";
			targets = (
				28D4FA8E1F43574400CA2828 /* pokedex */,
				28D4FAA21F43574400CA2828 /* pokedexTests */,
				28D4FAAD1F43574400CA2828 /* pokedexUITests */,
			);
		};
/* End PBXProject section */

/* Begin PBXResourcesBuildPhase section */
		28D4FA8D1F43574400CA2828 /* Resources */ = {
			isa = PBXResourcesBuildPhase;
			buildActionMask = 2147483647;
			files = (
				28D4FACB1F43692200CA2828 /* pokemonFont.ttf in Resources */,
				28D4FA9D1F43574400CA2828 /* LaunchScreen.storyboard in Resources */,
				28D4FA9A1F43574400CA2828 /* Assets.xcassets in Resources */,
				28D4FAC11F43597C00CA2828 /* pokemon.csv in Resources */,
				28D4FA981F43574400CA2828 /* Main.storyboard in Resources */,
				28D4FAD21F436AB900CA2828 /* music.mp3 in Resources */,
				28D4FAD01F436AA600CA2828 /* music.png in Resources */,
			);
			runOnlyForDeploymentPostprocessing = 0;
		};
		28D4FAA11F43574400CA2828 /* Resources */ = {
			isa = PBXResourcesBuildPhase;
			buildActionMask = 2147483647;
			files = (
			);
			runOnlyForDeploymentPostprocessing = 0;
		};
		28D4FAAC1F43574400CA2828 /* Resources */ = {
			isa = PBXResourcesBuildPhase;
			buildActionMask = 2147483647;
			files = (
			);
			runOnlyForDeploymentPostprocessing = 0;
		};
/* End PBXResourcesBuildPhase section */

/* Begin PBXShellScriptBuildPhase section */
		0EEF802B820FCAFC32E0A418 /* [CP] Check Pods Manifest.lock */ = {
			isa = PBXShellScriptBuildPhase;
			buildActionMask = 2147483647;
			files = (
			);
			inputPaths = (
				"${PODS_PODFILE_DIR_PATH}/Podfile.lock",
				"${PODS_ROOT}/Manifest.lock",
			);
			name = "[CP] Check Pods Manifest.lock";
			outputPaths = (
				"$(DERIVED_FILE_DIR)/Pods-pokedex-checkManifestLockResult.txt",
			);
			runOnlyForDeploymentPostprocessing = 0;
			shellPath = /bin/sh;
			shellScript = "diff \"${PODS_PODFILE_DIR_PATH}/Podfile.lock\" \"${PODS_ROOT}/Manifest.lock\" > /dev/null\nif [ $? != 0 ] ; then\n    # print error to STDERR\n    echo \"error: The sandbox is not in sync with the Podfile.lock. Run 'pod install' or update your CocoaPods installation.\" >&2\n    exit 1\nfi\n# This output is used by Xcode 'outputs' to avoid re-running this script phase.\necho \"SUCCESS\" > \"${SCRIPT_OUTPUT_FILE_0}\"\n";
			showEnvVarsInLog = 0;
		};
		4BC9170B0C1A0657A3DF380F /* [CP] Embed Pods Frameworks */ = {
			isa = PBXShellScriptBuildPhase;
			buildActionMask = 2147483647;
			files = (
			);
			inputPaths = (
				"${SRCROOT}/Pods/Target Support Files/Pods-pokedex/Pods-pokedex-frameworks.sh",
				"${BUILT_PRODUCTS_DIR}/Alamofire/Alamofire.framework",
			);
			name = "[CP] Embed Pods Frameworks";
			outputPaths = (
				"${TARGET_BUILD_DIR}/${FRAMEWORKS_FOLDER_PATH}/Alamofire.framework",
			);
			runOnlyForDeploymentPostprocessing = 0;
			shellPath = /bin/sh;
			shellScript = "\"${SRCROOT}/Pods/Target Support Files/Pods-pokedex/Pods-pokedex-frameworks.sh\"\n";
			showEnvVarsInLog = 0;
		};
		4D63077A71EF29581F48A256 /* [CP] Copy Pods Resources */ = {
			isa = PBXShellScriptBuildPhase;
			buildActionMask = 2147483647;
			files = (
			);
			inputPaths = (
			);
			name = "[CP] Copy Pods Resources";
			outputPaths = (
			);
			runOnlyForDeploymentPostprocessing = 0;
			shellPath = /bin/sh;
			shellScript = "\"${SRCROOT}/Pods/Target Support Files/Pods-pokedex/Pods-pokedex-resources.sh\"\n";
			showEnvVarsInLog = 0;
		};
/* End PBXShellScriptBuildPhase section */

/* Begin PBXSourcesBuildPhase section */
		28D4FA8B1F43574400CA2828 /* Sources */ = {
			isa = PBXSourcesBuildPhase;
			buildActionMask = 2147483647;
			files = (
				28D4FAC71F435E4400CA2828 /* PokeCell.swift in Sources */,
				28D4FA951F43574400CA2828 /* ViewController.swift in Sources */,
				28D4FA931F43574400CA2828 /* AppDelegate.swift in Sources */,
				28D4FAD51F43710100CA2828 /* PokemonDetailVC.swift in Sources */,
				28D4FAD71F43830300CA2828 /* Constants.swift in Sources */,
				28D4FAC41F435A4D00CA2828 /* Pokemon.swift in Sources */,
				28D4FAC91F43666800CA2828 /* csv.swift in Sources */,
			);
			runOnlyForDeploymentPostprocessing = 0;
		};
		28D4FA9F1F43574400CA2828 /* Sources */ = {
			isa = PBXSourcesBuildPhase;
			buildActionMask = 2147483647;
			files = (
				28D4FAA81F43574400CA2828 /* pokedexTests.swift in Sources */,
			);
			runOnlyForDeploymentPostprocessing = 0;
		};
		28D4FAAA1F43574400CA2828 /* Sources */ = {
			isa = PBXSourcesBuildPhase;
			buildActionMask = 2147483647;
			files = (
				28D4FAB31F43574400CA2828 /* pokedexUITests.swift in Sources */,
			);
			runOnlyForDeploymentPostprocessing = 0;
		};
/* End PBXSourcesBuildPhase section */

/* Begin PBXTargetDependency section */
		28D4FAA51F43574400CA2828 /* PBXTargetDependency */ = {
			isa = PBXTargetDependency;
			target = 28D4FA8E1F43574400CA2828 /* pokedex */;
			targetProxy = 28D4FAA41F43574400CA2828 /* PBXContainerItemProxy */;
		};
		28D4FAB01F43574400CA2828 /* PBXTargetDependency */ = {
			isa = PBXTargetDependency;
			target = 28D4FA8E1F43574400CA2828 /* pokedex */;
			targetProxy = 28D4FAAF1F43574400CA2828 /* PBXContainerItemProxy */;
		};
/* End PBXTargetDependency section */

/* Begin PBXVariantGroup section */
		28D4FA961F43574400CA2828 /* Main.storyboard */ = {
			isa = PBXVariantGroup;
			children = (
				28D4FA971F43574400CA2828 /* Base */,
			);
			name = Main.storyboard;
			sourceTree = "<group>";
		};
		28D4FA9B1F43574400CA2828 /* LaunchScreen.storyboard */ = {
			isa = PBXVariantGroup;
			children = (
				28D4FA9C1F43574400CA2828 /* Base */,
			);
			name = LaunchScreen.storyboard;
			sourceTree = "<group>";
		};
/* End PBXVariantGroup section */

/* Begin XCBuildConfiguration section */
		28D4FAB51F43574400CA2828 /* Debug */ = {
			isa = XCBuildConfiguration;
			buildSettings = {
				ALWAYS_SEARCH_USER_PATHS = NO;
				CLANG_ANALYZER_NONNULL = YES;
				CLANG_CXX_LANGUAGE_STANDARD = "gnu++0x";
				CLANG_CXX_LIBRARY = "libc++";
				CLANG_ENABLE_MODULES = YES;
				CLANG_ENABLE_OBJC_ARC = YES;
				CLANG_WARN_BOOL_CONVERSION = YES;
				CLANG_WARN_CONSTANT_CONVERSION = YES;
				CLANG_WARN_DIRECT_OBJC_ISA_USAGE = YES_ERROR;
				CLANG_WARN_DOCUMENTATION_COMMENTS = YES;
				CLANG_WARN_EMPTY_BODY = YES;
				CLANG_WARN_ENUM_CONVERSION = YES;
				CLANG_WARN_INFINITE_RECURSION = YES;
				CLANG_WARN_INT_CONVERSION = YES;
				CLANG_WARN_OBJC_ROOT_CLASS = YES_ERROR;
				CLANG_WARN_SUSPICIOUS_MOVE = YES;
				CLANG_WARN_UNREACHABLE_CODE = YES;
				CLANG_WARN__DUPLICATE_METHOD_MATCH = YES;
				"CODE_SIGN_IDENTITY[sdk=iphoneos*]" = "iPhone Developer";
				COPY_PHASE_STRIP = NO;
				DEBUG_INFORMATION_FORMAT = dwarf;
				ENABLE_STRICT_OBJC_MSGSEND = YES;
				ENABLE_TESTABILITY = YES;
				GCC_C_LANGUAGE_STANDARD = gnu99;
				GCC_DYNAMIC_NO_PIC = NO;
				GCC_NO_COMMON_BLOCKS = YES;
				GCC_OPTIMIZATION_LEVEL = 0;
				GCC_PREPROCESSOR_DEFINITIONS = (
					"DEBUG=1",
					"$(inherited)",
				);
				GCC_WARN_64_TO_32_BIT_CONVERSION = YES;
				GCC_WARN_ABOUT_RETURN_TYPE = YES_ERROR;
				GCC_WARN_UNDECLARED_SELECTOR = YES;
				GCC_WARN_UNINITIALIZED_AUTOS = YES_AGGRESSIVE;
				GCC_WARN_UNUSED_FUNCTION = YES;
				GCC_WARN_UNUSED_VARIABLE = YES;
				IPHONEOS_DEPLOYMENT_TARGET = 10.2;
				MTL_ENABLE_DEBUG_INFO = YES;
				ONLY_ACTIVE_ARCH = YES;
				SDKROOT = iphoneos;
				SWIFT_ACTIVE_COMPILATION_CONDITIONS = DEBUG;
				SWIFT_OPTIMIZATION_LEVEL = "-Onone";
				TARGETED_DEVICE_FAMILY = "1,2";
			};
			name = Debug;
		};
		28D4FAB61F43574400CA2828 /* Release */ = {
			isa = XCBuildConfiguration;
			buildSettings = {
				ALWAYS_SEARCH_USER_PATHS = NO;
				CLANG_ANALYZER_NONNULL = YES;
				CLANG_CXX_LANGUAGE_STANDARD = "gnu++0x";
				CLANG_CXX_LIBRARY = "libc++";
				CLANG_ENABLE_MODULES = YES;
				CLANG_ENABLE_OBJC_ARC = YES;
				CLANG_WARN_BOOL_CONVERSION = YES;
				CLANG_WARN_CONSTANT_CONVERSION = YES;
				CLANG_WARN_DIRECT_OBJC_ISA_USAGE = YES_ERROR;
				CLANG_WARN_DOCUMENTATION_COMMENTS = YES;
				CLANG_WARN_EMPTY_BODY = YES;
				CLANG_WARN_ENUM_CONVERSION = YES;
				CLANG_WARN_INFINITE_RECURSION = YES;
				CLANG_WARN_INT_CONVERSION = YES;
				CLANG_WARN_OBJC_ROOT_CLASS = YES_ERROR;
				CLANG_WARN_SUSPICIOUS_MOVE = YES;
				CLANG_WARN_UNREACHABLE_CODE = YES;
				CLANG_WARN__DUPLICATE_METHOD_MATCH = YES;
				"CODE_SIGN_IDENTITY[sdk=iphoneos*]" = "iPhone Developer";
				COPY_PHASE_STRIP = NO;
				DEBUG_INFORMATION_FORMAT = "dwarf-with-dsym";
				ENABLE_NS_ASSERTIONS = NO;
				ENABLE_STRICT_OBJC_MSGSEND = YES;
				GCC_C_LANGUAGE_STANDARD = gnu99;
				GCC_NO_COMMON_BLOCKS = YES;
				GCC_WARN_64_TO_32_BIT_CONVERSION = YES;
				GCC_WARN_ABOUT_RETURN_TYPE = YES_ERROR;
				GCC_WARN_UNDECLARED_SELECTOR = YES;
				GCC_WARN_UNINITIALIZED_AUTOS = YES_AGGRESSIVE;
				GCC_WARN_UNUSED_FUNCTION = YES;
				GCC_WARN_UNUSED_VARIABLE = YES;
				IPHONEOS_DEPLOYMENT_TARGET = 10.2;
				MTL_ENABLE_DEBUG_INFO = NO;
				SDKROOT = iphoneos;
				SWIFT_OPTIMIZATION_LEVEL = "-Owholemodule";
				TARGETED_DEVICE_FAMILY = "1,2";
				VALIDATE_PRODUCT = YES;
			};
			name = Release;
		};
		28D4FAB81F43574400CA2828 /* Debug */ = {
			isa = XCBuildConfiguration;
			baseConfigurationReference = 9292A82F93AA4BA3036E0F5F /* Pods-pokedex.debug.xcconfig */;
			buildSettings = {
				ASSETCATALOG_COMPILER_APPICON_NAME = AppIcon;
				INFOPLIST_FILE = pokedex/Info.plist;
				LD_RUNPATH_SEARCH_PATHS = "$(inherited) @executable_path/Frameworks";
				PRODUCT_BUNDLE_IDENTIFIER = com.Billy.pokedex;
				PRODUCT_NAME = "$(TARGET_NAME)";
				SWIFT_VERSION = 3.0;
			};
			name = Debug;
		};
		28D4FAB91F43574400CA2828 /* Release */ = {
			isa = XCBuildConfiguration;
			baseConfigurationReference = 15660131237D185D07031E12 /* Pods-pokedex.release.xcconfig */;
			buildSettings = {
				ASSETCATALOG_COMPILER_APPICON_NAME = AppIcon;
				INFOPLIST_FILE = pokedex/Info.plist;
				LD_RUNPATH_SEARCH_PATHS = "$(inherited) @executable_path/Frameworks";
				PRODUCT_BUNDLE_IDENTIFIER = com.Billy.pokedex;
				PRODUCT_NAME = "$(TARGET_NAME)";
				SWIFT_VERSION = 3.0;
			};
			name = Release;
		};
		28D4FABB1F43574400CA2828 /* Debug */ = {
			isa = XCBuildConfiguration;
			buildSettings = {
				ALWAYS_EMBED_SWIFT_STANDARD_LIBRARIES = YES;
				BUNDLE_LOADER = "$(TEST_HOST)";
				INFOPLIST_FILE = pokedexTests/Info.plist;
				LD_RUNPATH_SEARCH_PATHS = "$(inherited) @executable_path/Frameworks @loader_path/Frameworks";
				PRODUCT_BUNDLE_IDENTIFIER = com.Billy.pokedexTests;
				PRODUCT_NAME = "$(TARGET_NAME)";
				SWIFT_VERSION = 3.0;
				TEST_HOST = "$(BUILT_PRODUCTS_DIR)/pokedex.app/pokedex";
			};
			name = Debug;
		};
		28D4FABC1F43574400CA2828 /* Release */ = {
			isa = XCBuildConfiguration;
			buildSettings = {
				ALWAYS_EMBED_SWIFT_STANDARD_LIBRARIES = YES;
				BUNDLE_LOADER = "$(TEST_HOST)";
				INFOPLIST_FILE = pokedexTests/Info.plist;
				LD_RUNPATH_SEARCH_PATHS = "$(inherited) @executable_path/Frameworks @loader_path/Frameworks";
				PRODUCT_BUNDLE_IDENTIFIER = com.Billy.pokedexTests;
				PRODUCT_NAME = "$(TARGET_NAME)";
				SWIFT_VERSION = 3.0;
				TEST_HOST = "$(BUILT_PRODUCTS_DIR)/pokedex.app/pokedex";
			};
			name = Release;
		};
		28D4FABE1F43574400CA2828 /* Debug */ = {
			isa = XCBuildConfiguration;
			buildSettings = {
				ALWAYS_EMBED_SWIFT_STANDARD_LIBRARIES = YES;
				INFOPLIST_FILE = pokedexUITests/Info.plist;
				LD_RUNPATH_SEARCH_PATHS = "$(inherited) @executable_path/Frameworks @loader_path/Frameworks";
				PRODUCT_BUNDLE_IDENTIFIER = com.Billy.pokedexUITests;
				PRODUCT_NAME = "$(TARGET_NAME)";
				SWIFT_VERSION = 3.0;
				TEST_TARGET_NAME = pokedex;
			};
			name = Debug;
		};
		28D4FABF1F43574400CA2828 /* Release */ = {
			isa = XCBuildConfiguration;
			buildSettings = {
				ALWAYS_EMBED_SWIFT_STANDARD_LIBRARIES = YES;
				INFOPLIST_FILE = pokedexUITests/Info.plist;
				LD_RUNPATH_SEARCH_PATHS = "$(inherited) @executable_path/Frameworks @loader_path/Frameworks";
				PRODUCT_BUNDLE_IDENTIFIER = com.Billy.pokedexUITests;
				PRODUCT_NAME = "$(TARGET_NAME)";
				SWIFT_VERSION = 3.0;
				TEST_TARGET_NAME = pokedex;
			};
			name = Release;
		};
/* End XCBuildConfiguration section */

/* Begin XCConfigurationList section */
		28D4FA8A1F43574400CA2828 /* Build configuration list for PBXProject "pokedex" */ = {
			isa = XCConfigurationList;
			buildConfigurations = (
				28D4FAB51F43574400CA2828 /* Debug */,
				28D4FAB61F43574400CA2828 /* Release */,
			);
			defaultConfigurationIsVisible = 0;
			defaultConfigurationName = Release;
		};
		28D4FAB71F43574400CA2828 /* Build configuration list for PBXNativeTarget "pokedex" */ = {
			isa = XCConfigurationList;
			buildConfigurations = (
				28D4FAB81F43574400CA2828 /* Debug */,
				28D4FAB91F43574400CA2828 /* Release */,
			);
			defaultConfigurationIsVisible = 0;
			defaultConfigurationName = Release;
		};
		28D4FABA1F43574400CA2828 /* Build configuration list for PBXNativeTarget "pokedexTests" */ = {
			isa = XCConfigurationList;
			buildConfigurations = (
				28D4FABB1F43574400CA2828 /* Debug */,
				28D4FABC1F43574400CA2828 /* Release */,
			);
			defaultConfigurationIsVisible = 0;
			defaultConfigurationName = Release;
		};
		28D4FABD1F43574400CA2828 /* Build configuration list for PBXNativeTarget "pokedexUITests" */ = {
			isa = XCConfigurationList;
			buildConfigurations = (
				28D4FABE1F43574400CA2828 /* Debug */,
				28D4FABF1F43574400CA2828 /* Release */,
			);
			defaultConfigurationIsVisible = 0;
			defaultConfigurationName = Release;
		};
/* End XCConfigurationList section */
	};
	rootObject = 28D4FA871F43574400CA2828 /* Project object */;
}
